
Microsoft Visual Studio Solution File, Format Version 12.00
# Visual Studio Version 17
VisualStudioVersion = 17.11.35222.181
MinimumVisualStudioVersion = 10.0.40219.1
Project("{FAE04EC0-301F-11D3-BF4B-00C04F79EFBC}") = "cwiczenia1", "cwiczenia1.csproj", "{FEA2C1D9-9F09-44CD-8E83-C0287AAC9E6E}"
EndProject
Global
	GlobalSection(SolutionConfigurationPlatforms) = preSolution
		Debug|Any CPU = Debug|Any CPU
		Release|Any CPU = Release|Any CPU
	EndGlobalSection
	GlobalSection(ProjectConfigurationPlatforms) = postSolution
		{FEA2C1D9-9F09-44CD-8E83-C0287AAC9E6E}.Debug|Any CPU.ActiveCfg = Debug|Any CPU
		{FEA2C1D9-9F09-44CD-8E83-C0287AAC9E6E}.Debug|Any CPU.Build.0 = Debug|Any CPU
		{FEA2C1D9-9F09-44CD-8E83-C0287AAC9E6E}.Release|Any CPU.ActiveCfg = Release|Any CPU
		{FEA2C1D9-9F09-44CD-8E83-C0287AAC9E6E}.Release|Any CPU.Build.0 = Release|Any CPU
	EndGlobalSection
	GlobalSection(SolutionProperties) = preSolution
		HideSolutionNode = FALSE
	EndGlobalSection
	GlobalSection(ExtensibilityGlobals) = postSolution
		SolutionGuid = {525E211E-F9C3-460E-A1ED-8BB2ADB428AA}
	EndGlobalSection
EndGlobal
